// !$*UTF8*$!
{
	archiveVersion = 1;
	classes = {
	};
	objectVersion = 46;
	objects = {

/* Begin PBXBuildFile section */
		8971AD481ED7608000955DD4 /* AppDelegate.swift in Sources */ = {isa = PBXBuildFile; fileRef = 8971AD471ED7608000955DD4 /* AppDelegate.swift */; };
		8971AD4A1ED7608000955DD4 /* MainVC.swift in Sources */ = {isa = PBXBuildFile; fileRef = 8971AD491ED7608000955DD4 /* MainVC.swift */; };
		8971AD4D1ED7608000955DD4 /* Main.storyboard in Resources */ = {isa = PBXBuildFile; fileRef = 8971AD4B1ED7608000955DD4 /* Main.storyboard */; };
		8971AD501ED7608000955DD4 /* DreamLister.xcdatamodeld in Sources */ = {isa = PBXBuildFile; fileRef = 8971AD4E1ED7608000955DD4 /* DreamLister.xcdatamodeld */; };
		8971AD521ED7608000955DD4 /* Assets.xcassets in Resources */ = {isa = PBXBuildFile; fileRef = 8971AD511ED7608000955DD4 /* Assets.xcassets */; };
		8971AD551ED7608000955DD4 /* LaunchScreen.storyboard in Resources */ = {isa = PBXBuildFile; fileRef = 8971AD531ED7608000955DD4 /* LaunchScreen.storyboard */; };
		8971AD861ED76B7E00955DD4 /* Image+CoreDataClass.swift in Sources */ = {isa = PBXBuildFile; fileRef = 8971AD7E1ED76B7E00955DD4 /* Image+CoreDataClass.swift */; };
		8971AD871ED76B7E00955DD4 /* Image+CoreDataProperties.swift in Sources */ = {isa = PBXBuildFile; fileRef = 8971AD7F1ED76B7E00955DD4 /* Image+CoreDataProperties.swift */; };
		8971AD881ED76B7E00955DD4 /* Item+CoreDataClass.swift in Sources */ = {isa = PBXBuildFile; fileRef = 8971AD801ED76B7E00955DD4 /* Item+CoreDataClass.swift */; };
		8971AD891ED76B7E00955DD4 /* Item+CoreDataProperties.swift in Sources */ = {isa = PBXBuildFile; fileRef = 8971AD811ED76B7E00955DD4 /* Item+CoreDataProperties.swift */; };
		8971AD8A1ED76B7E00955DD4 /* ItemType+CoreDataClass.swift in Sources */ = {isa = PBXBuildFile; fileRef = 8971AD821ED76B7E00955DD4 /* ItemType+CoreDataClass.swift */; };
		8971AD8B1ED76B7E00955DD4 /* ItemType+CoreDataProperties.swift in Sources */ = {isa = PBXBuildFile; fileRef = 8971AD831ED76B7E00955DD4 /* ItemType+CoreDataProperties.swift */; };
		8971AD8C1ED76B7E00955DD4 /* Store+CoreDataClass.swift in Sources */ = {isa = PBXBuildFile; fileRef = 8971AD841ED76B7E00955DD4 /* Store+CoreDataClass.swift */; };
		8971AD8D1ED76B7E00955DD4 /* Store+CoreDataProperties.swift in Sources */ = {isa = PBXBuildFile; fileRef = 8971AD851ED76B7E00955DD4 /* Store+CoreDataProperties.swift */; };
		8971AD901ED86DE900955DD4 /* MaterialView.swift in Sources */ = {isa = PBXBuildFile; fileRef = 8971AD8F1ED86DE900955DD4 /* MaterialView.swift */; };
		8971AD921ED8729700955DD4 /* ItemCell.swift in Sources */ = {isa = PBXBuildFile; fileRef = 8971AD911ED8729700955DD4 /* ItemCell.swift */; };
/* End PBXBuildFile section */

/* Begin PBXFileReference section */
		8971AD441ED7608000955DD4 /* DreamLister.app */ = {isa = PBXFileReference; explicitFileType = wrapper.application; includeInIndex = 0; path = DreamLister.app; sourceTree = BUILT_PRODUCTS_DIR; };
		8971AD471ED7608000955DD4 /* AppDelegate.swift */ = {isa = PBXFileReference; lastKnownFileType = sourcecode.swift; path = AppDelegate.swift; sourceTree = "<group>"; };
		8971AD491ED7608000955DD4 /* MainVC.swift */ = {isa = PBXFileReference; lastKnownFileType = sourcecode.swift; path = MainVC.swift; sourceTree = "<group>"; };
		8971AD4C1ED7608000955DD4 /* Base */ = {isa = PBXFileReference; lastKnownFileType = file.storyboard; name = Base; path = Base.lproj/Main.storyboard; sourceTree = "<group>"; };
		8971AD4F1ED7608000955DD4 /* DreamLister.xcdatamodel */ = {isa = PBXFileReference; lastKnownFileType = wrapper.xcdatamodel; path = DreamLister.xcdatamodel; sourceTree = "<group>"; };
		8971AD511ED7608000955DD4 /* Assets.xcassets */ = {isa = PBXFileReference; lastKnownFileType = folder.assetcatalog; path = Assets.xcassets; sourceTree = "<group>"; };
		8971AD541ED7608000955DD4 /* Base */ = {isa = PBXFileReference; lastKnownFileType = file.storyboard; name = Base; path = Base.lproj/LaunchScreen.storyboard; sourceTree = "<group>"; };
		8971AD561ED7608000955DD4 /* Info.plist */ = {isa = PBXFileReference; lastKnownFileType = text.plist.xml; path = Info.plist; sourceTree = "<group>"; };
		8971AD7E1ED76B7E00955DD4 /* Image+CoreDataClass.swift */ = {isa = PBXFileReference; fileEncoding = 4; lastKnownFileType = sourcecode.swift; path = "Image+CoreDataClass.swift"; sourceTree = "<group>"; };
		8971AD7F1ED76B7E00955DD4 /* Image+CoreDataProperties.swift */ = {isa = PBXFileReference; fileEncoding = 4; lastKnownFileType = sourcecode.swift; path = "Image+CoreDataProperties.swift"; sourceTree = "<group>"; };
		8971AD801ED76B7E00955DD4 /* Item+CoreDataClass.swift */ = {isa = PBXFileReference; fileEncoding = 4; lastKnownFileType = sourcecode.swift; path = "Item+CoreDataClass.swift"; sourceTree = "<group>"; };
		8971AD811ED76B7E00955DD4 /* Item+CoreDataProperties.swift */ = {isa = PBXFileReference; fileEncoding = 4; lastKnownFileType = sourcecode.swift; path = "Item+CoreDataProperties.swift"; sourceTree = "<group>"; };
		8971AD821ED76B7E00955DD4 /* ItemType+CoreDataClass.swift */ = {isa = PBXFileReference; fileEncoding = 4; lastKnownFileType = sourcecode.swift; path = "ItemType+CoreDataClass.swift"; sourceTree = "<group>"; };
		8971AD831ED76B7E00955DD4 /* ItemType+CoreDataProperties.swift */ = {isa = PBXFileReference; fileEncoding = 4; lastKnownFileType = sourcecode.swift; path = "ItemType+CoreDataProperties.swift"; sourceTree = "<group>"; };
		8971AD841ED76B7E00955DD4 /* Store+CoreDataClass.swift */ = {isa = PBXFileReference; fileEncoding = 4; lastKnownFileType = sourcecode.swift; path = "Store+CoreDataClass.swift"; sourceTree = "<group>"; };
		8971AD851ED76B7E00955DD4 /* Store+CoreDataProperties.swift */ = {isa = PBXFileReference; fileEncoding = 4; lastKnownFileType = sourcecode.swift; path = "Store+CoreDataProperties.swift"; sourceTree = "<group>"; };
		8971AD8F1ED86DE900955DD4 /* MaterialView.swift */ = {isa = PBXFileReference; fileEncoding = 4; lastKnownFileType = sourcecode.swift; path = MaterialView.swift; sourceTree = "<group>"; };
		8971AD911ED8729700955DD4 /* ItemCell.swift */ = {isa = PBXFileReference; fileEncoding = 4; lastKnownFileType = sourcecode.swift; path = ItemCell.swift; sourceTree = "<group>"; };
/* End PBXFileReference section */

/* Begin PBXFrameworksBuildPhase section */
		8971AD411ED7608000955DD4 /* Frameworks */ = {
			isa = PBXFrameworksBuildPhase;
			buildActionMask = 2147483647;
			files = (
			);
			runOnlyForDeploymentPostprocessing = 0;
		};
/* End PBXFrameworksBuildPhase section */

/* Begin PBXGroup section */
		8971AD3B1ED7608000955DD4 = {
			isa = PBXGroup;
			children = (
				8971AD461ED7608000955DD4 /* DreamLister */,
				8971AD451ED7608000955DD4 /* Products */,
			);
			sourceTree = "<group>";
		};
		8971AD451ED7608000955DD4 /* Products */ = {
			isa = PBXGroup;
			children = (
				8971AD441ED7608000955DD4 /* DreamLister.app */,
			);
			name = Products;
			sourceTree = "<group>";
		};
		8971AD461ED7608000955DD4 /* DreamLister */ = {
			isa = PBXGroup;
			children = (
				8971AD8E1ED86DC900955DD4 /* View */,
				8971AD6C1ED7660900955DD4 /* Model */,
				8971AD471ED7608000955DD4 /* AppDelegate.swift */,
				8971AD491ED7608000955DD4 /* MainVC.swift */,
				8971AD4B1ED7608000955DD4 /* Main.storyboard */,
				8971AD511ED7608000955DD4 /* Assets.xcassets */,
				8971AD531ED7608000955DD4 /* LaunchScreen.storyboard */,
				8971AD561ED7608000955DD4 /* Info.plist */,
				8971AD4E1ED7608000955DD4 /* DreamLister.xcdatamodeld */,
			);
			path = DreamLister;
			sourceTree = "<group>";
		};
		8971AD6C1ED7660900955DD4 /* Model */ = {
			isa = PBXGroup;
			children = (
				8971AD7E1ED76B7E00955DD4 /* Image+CoreDataClass.swift */,
				8971AD801ED76B7E00955DD4 /* Item+CoreDataClass.swift */,
				8971AD821ED76B7E00955DD4 /* ItemType+CoreDataClass.swift */,
				8971AD841ED76B7E00955DD4 /* Store+CoreDataClass.swift */,
				8971AD6D1ED7663700955DD4 /* Generated */,
			);
			name = Model;
			sourceTree = "<group>";
		};
		8971AD6D1ED7663700955DD4 /* Generated */ = {
			isa = PBXGroup;
			children = (
				8971AD7F1ED76B7E00955DD4 /* Image+CoreDataProperties.swift */,
				8971AD811ED76B7E00955DD4 /* Item+CoreDataProperties.swift */,
				8971AD831ED76B7E00955DD4 /* ItemType+CoreDataProperties.swift */,
				8971AD851ED76B7E00955DD4 /* Store+CoreDataProperties.swift */,
			);
			name = Generated;
			sourceTree = "<group>";
		};
		8971AD8E1ED86DC900955DD4 /* View */ = {
			isa = PBXGroup;
			children = (
				8971AD8F1ED86DE900955DD4 /* MaterialView.swift */,
				8971AD911ED8729700955DD4 /* ItemCell.swift */,
			);
			name = View;
			sourceTree = "<group>";
		};
/* End PBXGroup section */

/* Begin PBXNativeTarget section */
		8971AD431ED7608000955DD4 /* DreamLister */ = {
			isa = PBXNativeTarget;
			buildConfigurationList = 8971AD591ED7608000955DD4 /* Build configuration list for PBXNativeTarget "DreamLister" */;
			buildPhases = (
				8971AD401ED7608000955DD4 /* Sources */,
				8971AD411ED7608000955DD4 /* Frameworks */,
				8971AD421ED7608000955DD4 /* Resources */,
			);
			buildRules = (
			);
			dependencies = (
			);
			name = DreamLister;
			productName = DreamLister;
			productReference = 8971AD441ED7608000955DD4 /* DreamLister.app */;
			productType = "com.apple.product-type.application";
		};
/* End PBXNativeTarget section */

/* Begin PBXProject section */
		8971AD3C1ED7608000955DD4 /* Project object */ = {
			isa = PBXProject;
			attributes = {
				LastSwiftUpdateCheck = 0830;
				LastUpgradeCheck = 0830;
				ORGANIZATIONNAME = "Jeff Ripke";
				TargetAttributes = {
					8971AD431ED7608000955DD4 = {
						CreatedOnToolsVersion = 8.3.2;
						DevelopmentTeam = 997RL2KYD9;
						LastSwiftMigration = 0830;
						ProvisioningStyle = Automatic;
					};
				};
			};
			buildConfigurationList = 8971AD3F1ED7608000955DD4 /* Build configuration list for PBXProject "DreamLister" */;
			compatibilityVersion = "Xcode 3.2";
			developmentRegion = English;
			hasScannedForEncodings = 0;
			knownRegions = (
				en,
				Base,
			);
			mainGroup = 8971AD3B1ED7608000955DD4;
			productRefGroup = 8971AD451ED7608000955DD4 /* Products */;
			projectDirPath = "";
			projectRoot = "";
			targets = (
				8971AD431ED7608000955DD4 /* DreamLister */,
			);
		};
/* End PBXProject section */

/* Begin PBXResourcesBuildPhase section */
		8971AD421ED7608000955DD4 /* Resources */ = {
			isa = PBXResourcesBuildPhase;
			buildActionMask = 2147483647;
			files = (
				8971AD551ED7608000955DD4 /* LaunchScreen.storyboard in Resources */,
				8971AD521ED7608000955DD4 /* Assets.xcassets in Resources */,
				8971AD4D1ED7608000955DD4 /* Main.storyboard in Resources */,
			);
			runOnlyForDeploymentPostprocessing = 0;
		};
/* End PBXResourcesBuildPhase section */

/* Begin PBXSourcesBuildPhase section */
		8971AD401ED7608000955DD4 /* Sources */ = {
			isa = PBXSourcesBuildPhase;
			buildActionMask = 2147483647;
			files = (
				8971AD921ED8729700955DD4 /* ItemCell.swift in Sources */,
				8971AD891ED76B7E00955DD4 /* Item+CoreDataProperties.swift in Sources */,
				8971AD881ED76B7E00955DD4 /* Item+CoreDataClass.swift in Sources */,
				8971AD8B1ED76B7E00955DD4 /* ItemType+CoreDataProperties.swift in Sources */,
				8971AD901ED86DE900955DD4 /* MaterialView.swift in Sources */,
				8971AD4A1ED7608000955DD4 /* MainVC.swift in Sources */,
				8971AD8D1ED76B7E00955DD4 /* Store+CoreDataProperties.swift in Sources */,
				8971AD871ED76B7E00955DD4 /* Image+CoreDataProperties.swift in Sources */,
				8971AD8A1ED76B7E00955DD4 /* ItemType+CoreDataClass.swift in Sources */,
				8971AD481ED7608000955DD4 /* AppDelegate.swift in Sources */,
				8971AD8C1ED76B7E00955DD4 /* Store+CoreDataClass.swift in Sources */,
				8971AD501ED7608000955DD4 /* DreamLister.xcdatamodeld in Sources */,
				8971AD861ED76B7E00955DD4 /* Image+CoreDataClass.swift in Sources */,
			);
			runOnlyForDeploymentPostprocessing = 0;
		};
/* End PBXSourcesBuildPhase section */

/* Begin PBXVariantGroup section */
		8971AD4B1ED7608000955DD4 /* Main.storyboard */ = {
			isa = PBXVariantGroup;
			children = (
				8971AD4C1ED7608000955DD4 /* Base */,
			);
			name = Main.storyboard;
			sourceTree = "<group>";
		};
		8971AD531ED7608000955DD4 /* LaunchScreen.storyboard */ = {
			isa = PBXVariantGroup;
			children = (
				8971AD541ED7608000955DD4 /* Base */,
			);
			name = LaunchScreen.storyboard;
			sourceTree = "<group>";
		};
/* End PBXVariantGroup section */

/* Begin XCBuildConfiguration section */
		8971AD571ED7608000955DD4 /* Debug */ = {
			isa = XCBuildConfiguration;
			buildSettings = {
				ALWAYS_SEARCH_USER_PATHS = NO;
				CLANG_ANALYZER_NONNULL = YES;
				CLANG_ANALYZER_NUMBER_OBJECT_CONVERSION = YES_AGGRESSIVE;
				CLANG_CXX_LANGUAGE_STANDARD = "gnu++0x";
				CLANG_CXX_LIBRARY = "libc++";
				CLANG_ENABLE_MODULES = YES;
				CLANG_ENABLE_OBJC_ARC = YES;
				CLANG_WARN_BOOL_CONVERSION = YES;
				CLANG_WARN_CONSTANT_CONVERSION = YES;
				CLANG_WARN_DIRECT_OBJC_ISA_USAGE = YES_ERROR;
				CLANG_WARN_DOCUMENTATION_COMMENTS = YES;
				CLANG_WARN_EMPTY_BODY = YES;
				CLANG_WARN_ENUM_CONVERSION = YES;
				CLANG_WARN_INFINITE_RECURSION = YES;
				CLANG_WARN_INT_CONVERSION = YES;
				CLANG_WARN_OBJC_ROOT_CLASS = YES_ERROR;
				CLANG_WARN_SUSPICIOUS_MOVE = YES;
				CLANG_WARN_UNREACHABLE_CODE = YES;
				CLANG_WARN__DUPLICATE_METHOD_MATCH = YES;
				"CODE_SIGN_IDENTITY[sdk=iphoneos*]" = "iPhone Developer";
				COPY_PHASE_STRIP = NO;
				DEBUG_INFORMATION_FORMAT = dwarf;
				ENABLE_STRICT_OBJC_MSGSEND = YES;
				ENABLE_TESTABILITY = YES;
				GCC_C_LANGUAGE_STANDARD = gnu99;
				GCC_DYNAMIC_NO_PIC = NO;
				GCC_NO_COMMON_BLOCKS = YES;
				GCC_OPTIMIZATION_LEVEL = 0;
				GCC_PREPROCESSOR_DEFINITIONS = (
					"DEBUG=1",
					"$(inherited)",
				);
				GCC_WARN_64_TO_32_BIT_CONVERSION = YES;
				GCC_WARN_ABOUT_RETURN_TYPE = YES_ERROR;
				GCC_WARN_UNDECLARED_SELECTOR = YES;
				GCC_WARN_UNINITIALIZED_AUTOS = YES_AGGRESSIVE;
				GCC_WARN_UNUSED_FUNCTION = YES;
				GCC_WARN_UNUSED_VARIABLE = YES;
				IPHONEOS_DEPLOYMENT_TARGET = 10.3;
				MTL_ENABLE_DEBUG_INFO = YES;
				ONLY_ACTIVE_ARCH = YES;
				SDKROOT = iphoneos;
				SWIFT_ACTIVE_COMPILATION_CONDITIONS = DEBUG;
				SWIFT_OPTIMIZATION_LEVEL = "-Onone";
			};
			name = Debug;
		};
		8971AD581ED7608000955DD4 /* Release */ = {
			isa = XCBuildConfiguration;
			buildSettings = {
				ALWAYS_SEARCH_USER_PATHS = NO;
				CLANG_ANALYZER_NONNULL = YES;
				CLANG_ANALYZER_NUMBER_OBJECT_CONVERSION = YES_AGGRESSIVE;
				CLANG_CXX_LANGUAGE_STANDARD = "gnu++0x";
				CLANG_CXX_LIBRARY = "libc++";
				CLANG_ENABLE_MODULES = YES;
				CLANG_ENABLE_OBJC_ARC = YES;
				CLANG_WARN_BOOL_CONVERSION = YES;
				CLANG_WARN_CONSTANT_CONVERSION = YES;
				CLANG_WARN_DIRECT_OBJC_ISA_USAGE = YES_ERROR;
				CLANG_WARN_DOCUMENTATION_COMMENTS = YES;
				CLANG_WARN_EMPTY_BODY = YES;
				CLANG_WARN_ENUM_CONVERSION = YES;
				CLANG_WARN_INFINITE_RECURSION = YES;
				CLANG_WARN_INT_CONVERSION = YES;
				CLANG_WARN_OBJC_ROOT_CLASS = YES_ERROR;
				CLANG_WARN_SUSPICIOUS_MOVE = YES;
				CLANG_WARN_UNREACHABLE_CODE = YES;
				CLANG_WARN__DUPLICATE_METHOD_MATCH = YES;
				"CODE_SIGN_IDENTITY[sdk=iphoneos*]" = "iPhone Developer";
				COPY_PHASE_STRIP = NO;
				DEBUG_INFORMATION_FORMAT = "dwarf-with-dsym";
				ENABLE_NS_ASSERTIONS = NO;
				ENABLE_STRICT_OBJC_MSGSEND = YES;
				GCC_C_LANGUAGE_STANDARD = gnu99;
				GCC_NO_COMMON_BLOCKS = YES;
				GCC_WARN_64_TO_32_BIT_CONVERSION = YES;
				GCC_WARN_ABOUT_RETURN_TYPE = YES_ERROR;
				GCC_WARN_UNDECLARED_SELECTOR = YES;
				GCC_WARN_UNINITIALIZED_AUTOS = YES_AGGRESSIVE;
				GCC_WARN_UNUSED_FUNCTION = YES;
				GCC_WARN_UNUSED_VARIABLE = YES;
				IPHONEOS_DEPLOYMENT_TARGET = 10.3;
				MTL_ENABLE_DEBUG_INFO = NO;
				SDKROOT = iphoneos;
				SWIFT_OPTIMIZATION_LEVEL = "-Owholemodule";
				VALIDATE_PRODUCT = YES;
			};
			name = Release;
		};
		8971AD5A1ED7608000955DD4 /* Debug */ = {
			isa = XCBuildConfiguration;
			buildSettings = {
				ASSETCATALOG_COMPILER_APPICON_NAME = AppIcon;
				DEVELOPMENT_TEAM = 997RL2KYD9;
				INFOPLIST_FILE = DreamLister/Info.plist;
				LD_RUNPATH_SEARCH_PATHS = "$(inherited) @executable_path/Frameworks";
				PRODUCT_BUNDLE_IDENTIFIER = com.jeffripke.DreamLister;
				PRODUCT_NAME = "$(TARGET_NAME)";
				SWIFT_VERSION = 3.0;
			};
			name = Debug;
		};
		8971AD5B1ED7608000955DD4 /* Release */ = {
			isa = XCBuildConfiguration;
			buildSettings = {
				ASSETCATALOG_COMPILER_APPICON_NAME = AppIcon;
				DEVELOPMENT_TEAM = 997RL2KYD9;
				INFOPLIST_FILE = DreamLister/Info.plist;
				LD_RUNPATH_SEARCH_PATHS = "$(inherited) @executable_path/Frameworks";
				PRODUCT_BUNDLE_IDENTIFIER = com.jeffripke.DreamLister;
				PRODUCT_NAME = "$(TARGET_NAME)";
				SWIFT_VERSION = 3.0;
			};
			name = Release;
		};
/* End XCBuildConfiguration section */

/* Begin XCConfigurationList section */
		8971AD3F1ED7608000955DD4 /* Build configuration list for PBXProject "DreamLister" */ = {
			isa = XCConfigurationList;
			buildConfigurations = (
				8971AD571ED7608000955DD4 /* Debug */,
				8971AD581ED7608000955DD4 /* Release */,
			);
			defaultConfigurationIsVisible = 0;
			defaultConfigurationName = Release;
		};
		8971AD591ED7608000955DD4 /* Build configuration list for PBXNativeTarget "DreamLister" */ = {
			isa = XCConfigurationList;
			buildConfigurations = (
				8971AD5A1ED7608000955DD4 /* Debug */,
				8971AD5B1ED7608000955DD4 /* Release */,
			);
			defaultConfigurationIsVisible = 0;
		};
/* End XCConfigurationList section */

/* Begin XCVersionGroup section */
		8971AD4E1ED7608000955DD4 /* DreamLister.xcdatamodeld */ = {
			isa = XCVersionGroup;
			children = (
				8971AD4F1ED7608000955DD4 /* DreamLister.xcdatamodel */,
			);
			currentVersion = 8971AD4F1ED7608000955DD4 /* DreamLister.xcdatamodel */;
			path = DreamLister.xcdatamodeld;
			sourceTree = "<group>";
			versionGroupType = wrapper.xcdatamodel;
		};
/* End XCVersionGroup section */
	};
	rootObject = 8971AD3C1ED7608000955DD4 /* Project object */;
}
